Microsoft Visual Studio Solution File, Format Version 12.00
# Visual Studio Version 17
VisualStudioVersion = 17.5.2.0
MinimumVisualStudioVersion = 10.0.40219.1
Project("{FAE04EC0-301F-11D3-BF4B-00C04F79EFBC}") = "HolaMundoAspNet", "HolaMundoAspNet.csproj", "{DD8A4850-E837-DD21-1B83-6E46A0FDBE80}"
EndProject
Global
	GlobalSection(SolutionConfigurationPlatforms) = preSolution
		Debug|Any CPU = Debug|Any CPU
		Release|Any CPU = Release|Any CPU
	EndGlobalSection
	GlobalSection(ProjectConfigurationPlatforms) = postSolution
		{DD8A4850-E837-DD21-1B83-6E46A0FDBE80}.Debug|Any CPU.ActiveCfg = Debug|Any CPU
		{DD8A4850-E837-DD21-1B83-6E46A0FDBE80}.Debug|Any CPU.Build.0 = Debug|Any CPU
		{DD8A4850-E837-DD21-1B83-6E46A0FDBE80}.Release|Any CPU.ActiveCfg = Release|Any CPU
		{DD8A4850-E837-DD21-1B83-6E46A0FDBE80}.Release|Any CPU.Build.0 = Release|Any CPU
	EndGlobalSection
	GlobalSection(SolutionProperties) = preSolution
		HideSolutionNode = FALSE
	EndGlobalSection
	GlobalSection(ExtensibilityGlobals) = postSolution
		SolutionGuid = {D9C157BF-F4DC-488A-8AA1-6C6C0120D198}
	EndGlobalSection
EndGlobal
